
Microsoft Visual Studio Solution File, Format Version 12.00
# Visual Studio Version 17
VisualStudioVersion = 17.3.32929.385
MinimumVisualStudioVersion = 10.0.40219.1
Project("{FAE04EC0-301F-11D3-BF4B-00C04F79EFBC}") = "MathingGame.Android", "MathingGame.Android\MathingGame.Android.csproj", "{D9CC067C-6ED3-4C5C-9C78-036F0C495A20}"
EndProject
Project("{FAE04EC0-301F-11D3-BF4B-00C04F79EFBC}") = "MathingGame.iOS", "MathingGame.iOS\MathingGame.iOS.csproj", "{8675D5CF-187C-4943-AFF7-93BFEB2F7B92}"
EndProject
Project("{FAE04EC0-301F-11D3-BF4B-00C04F79EFBC}") = "MathingGame", "MathingGame\MathingGame.csproj", "{53F6F731-B2F9-4B8A-8E2E-5A930328D005}"
EndProject
Global
	GlobalSection(SolutionConfigurationPlatforms) = preSolution
		Debug|Any CPU = Debug|Any CPU
		Debug|iPhone = Debug|iPhone
		Debug|iPhoneSimulator = Debug|iPhoneSimulator
		Release|Any CPU = Release|Any CPU
		Release|iPhone = Release|iPhone
		Release|iPhoneSimulator = Release|iPhoneSimulator
	EndGlobalSection
	GlobalSection(ProjectConfigurationPlatforms) = postSolution
		{D9CC067C-6ED3-4C5C-9C78-036F0C495A20}.Debug|Any CPU.ActiveCfg = Debug|Any CPU
		{D9CC067C-6ED3-4C5C-9C78-036F0C495A20}.Debug|Any CPU.Build.0 = Debug|Any CPU
		{D9CC067C-6ED3-4C5C-9C78-036F0C495A20}.Debug|Any CPU.Deploy.0 = Debug|Any CPU
		{D9CC067C-6ED3-4C5C-9C78-036F0C495A20}.Debug|iPhone.ActiveCfg = Debug|Any CPU
		{D9CC067C-6ED3-4C5C-9C78-036F0C495A20}.Debug|iPhone.Build.0 = Debug|Any CPU
		{D9CC067C-6ED3-4C5C-9C78-036F0C495A20}.Debug|iPhone.Deploy.0 = Debug|Any CPU
		{D9CC067C-6ED3-4C5C-9C78-036F0C495A20}.Debug|iPhoneSimulator.ActiveCfg = Debug|Any CPU
		{D9CC067C-6ED3-4C5C-9C78-036F0C495A20}.Debug|iPhoneSimulator.Build.0 = Debug|Any CPU
		{D9CC067C-6ED3-4C5C-9C78-036F0C495A20}.Debug|iPhoneSimulator.Deploy.0 = Debug|Any CPU
		{D9CC067C-6ED3-4C5C-9C78-036F0C495A20}.Release|Any CPU.ActiveCfg = Release|Any CPU
		{D9CC067C-6ED3-4C5C-9C78-036F0C495A20}.Release|Any CPU.Build.0 = Release|Any CPU
		{D9CC067C-6ED3-4C5C-9C78-036F0C495A20}.Release|Any CPU.Deploy.0 = Release|Any CPU
		{D9CC067C-6ED3-4C5C-9C78-036F0C495A20}.Release|iPhone.ActiveCfg = Release|Any CPU
		{D9CC067C-6ED3-4C5C-9C78-036F0C495A20}.Release|iPhone.Build.0 = Release|Any CPU
		{D9CC067C-6ED3-4C5C-9C78-036F0C495A20}.Release|iPhone.Deploy.0 = Release|Any CPU
		{D9CC067C-6ED3-4C5C-9C78-036F0C495A20}.Release|iPhoneSimulator.ActiveCfg = Release|Any CPU
		{D9CC067C-6ED3-4C5C-9C78-036F0C495A20}.Release|iPhoneSimulator.Build.0 = Release|Any CPU
		{D9CC067C-6ED3-4C5C-9C78-036F0C495A20}.Release|iPhoneSimulator.Deploy.0 = Release|Any CPU
		{8675D5CF-187C-4943-AFF7-93BFEB2F7B92}.Debug|Any CPU.ActiveCfg = Debug|iPhone
		{8675D5CF-187C-4943-AFF7-93BFEB2F7B92}.Debug|Any CPU.Build.0 = Debug|iPhone
		{8675D5CF-187C-4943-AFF7-93BFEB2F7B92}.Debug|Any CPU.Deploy.0 = Debug|iPhone
		{8675D5CF-187C-4943-AFF7-93BFEB2F7B92}.Debug|iPhone.ActiveCfg = Debug|iPhone
		{8675D5CF-187C-4943-AFF7-93BFEB2F7B92}.Debug|iPhone.Build.0 = Debug|iPhone
		{8675D5CF-187C-4943-AFF7-93BFEB2F7B92}.Debug|iPhone.Deploy.0 = Debug|iPhone
		{8675D5CF-187C-4943-AFF7-93BFEB2F7B92}.Debug|iPhoneSimulator.ActiveCfg = Debug|iPhoneSimulator
		{8675D5CF-187C-4943-AFF7-93BFEB2F7B92}.Debug|iPhoneSimulator.Build.0 = Debug|iPhoneSimulator
		{8675D5CF-187C-4943-AFF7-93BFEB2F7B92}.Debug|iPhoneSimulator.Deploy.0 = Debug|iPhoneSimulator
		{8675D5CF-187C-4943-AFF7-93BFEB2F7B92}.Release|Any CPU.ActiveCfg = Release|iPhoneSimulator
		{8675D5CF-187C-4943-AFF7-93BFEB2F7B92}.Release|Any CPU.Build.0 = Release|iPhoneSimulator
		{8675D5CF-187C-4943-AFF7-93BFEB2F7B92}.Release|Any CPU.Deploy.0 = Release|iPhoneSimulator
		{8675D5CF-187C-4943-AFF7-93BFEB2F7B92}.Release|iPhone.ActiveCfg = Release|iPhone
		{8675D5CF-187C-4943-AFF7-93BFEB2F7B92}.Release|iPhone.Build.0 = Release|iPhone
		{8675D5CF-187C-4943-AFF7-93BFEB2F7B92}.Release|iPhone.Deploy.0 = Release|iPhone
		{8675D5CF-187C-4943-AFF7-93BFEB2F7B92}.Release|iPhoneSimulator.ActiveCfg = Release|iPhoneSimulator
		{8675D5CF-187C-4943-AFF7-93BFEB2F7B92}.Release|iPhoneSimulator.Build.0 = Release|iPhoneSimulator
		{8675D5CF-187C-4943-AFF7-93BFEB2F7B92}.Release|iPhoneSimulator.Deploy.0 = Release|iPhoneSimulator
		{53F6F731-B2F9-4B8A-8E2E-5A930328D005}.Debug|Any CPU.ActiveCfg = Debug|Any CPU
		{53F6F731-B2F9-4B8A-8E2E-5A930328D005}.Debug|Any CPU.Build.0 = Debug|Any CPU
		{53F6F731-B2F9-4B8A-8E2E-5A930328D005}.Debug|Any CPU.Deploy.0 = Debug|Any CPU
		{53F6F731-B2F9-4B8A-8E2E-5A930328D005}.Debug|iPhone.ActiveCfg = Debug|Any CPU
		{53F6F731-B2F9-4B8A-8E2E-5A930328D005}.Debug|iPhone.Build.0 = Debug|Any CPU
		{53F6F731-B2F9-4B8A-8E2E-5A930328D005}.Debug|iPhone.Deploy.0 = Debug|Any CPU
		{53F6F731-B2F9-4B8A-8E2E-5A930328D005}.Debug|iPhoneSimulator.ActiveCfg = Debug|Any CPU
		{53F6F731-B2F9-4B8A-8E2E-5A930328D005}.Debug|iPhoneSimulator.Build.0 = Debug|Any CPU
		{53F6F731-B2F9-4B8A-8E2E-5A930328D005}.Debug|iPhoneSimulator.Deploy.0 = Debug|Any CPU
		{53F6F731-B2F9-4B8A-8E2E-5A930328D005}.Release|Any CPU.ActiveCfg = Release|Any CPU
		{53F6F731-B2F9-4B8A-8E2E-5A930328D005}.Release|Any CPU.Build.0 = Release|Any CPU
		{53F6F731-B2F9-4B8A-8E2E-5A930328D005}.Release|Any CPU.Deploy.0 = Release|Any CPU
		{53F6F731-B2F9-4B8A-8E2E-5A930328D005}.Release|iPhone.ActiveCfg = Release|Any CPU
		{53F6F731-B2F9-4B8A-8E2E-5A930328D005}.Release|iPhone.Build.0 = Release|Any CPU
		{53F6F731-B2F9-4B8A-8E2E-5A930328D005}.Release|iPhone.Deploy.0 = Release|Any CPU
		{53F6F731-B2F9-4B8A-8E2E-5A930328D005}.Release|iPhoneSimulator.ActiveCfg = Release|Any CPU
		{53F6F731-B2F9-4B8A-8E2E-5A930328D005}.Release|iPhoneSimulator.Build.0 = Release|Any CPU
		{53F6F731-B2F9-4B8A-8E2E-5A930328D005}.Release|iPhoneSimulator.Deploy.0 = Release|Any CPU
	EndGlobalSection
	GlobalSection(SolutionProperties) = preSolution
		HideSolutionNode = FALSE
	EndGlobalSection
	GlobalSection(ExtensibilityGlobals) = postSolution
		SolutionGuid = {34999671-81BB-4276-9947-0589BB89FBDA}
	EndGlobalSection
EndGlobal
